
Microsoft Visual Studio Solution File, Format Version 12.00
Project("{FAE04EC0-301F-11D3-BF4B-00C04F79EFBC}") = "SoftwareBasics", "SoftwareBasics\SoftwareBasics.csproj", "{2D50E4EB-97FD-4C8B-BD00-33CEEA0953E6}"
EndProject
Project("{FAE04EC0-301F-11D3-BF4B-00C04F79EFBC}") = "Assignment1_1", "Assignment1_1\Assignment1_1.csproj", "{21F8C7E0-34A0-479D-8BA5-656F83495492}"
EndProject
Project("{FAE04EC0-301F-11D3-BF4B-00C04F79EFBC}") = "Assignment2_1", "Assignment2_1\Assignment2_1.csproj", "{ACF79924-E765-422B-B8D1-6534A7863FE4}"
EndProject
Project("{FAE04EC0-301F-11D3-BF4B-00C04F79EFBC}") = "Assignment2_2", "Assignment2_2\Assignment2_2.csproj", "{051221A6-471A-4FAD-82C6-B5503CDD669E}"
EndProject
Project("{FAE04EC0-301F-11D3-BF4B-00C04F79EFBC}") = "Assignment1_2", "Assignment1_2\Assignment1_2.csproj", "{C1DFFFE3-6377-4C30-98F2-3BDE6C31EF7B}"
EndProject
Project("{FAE04EC0-301F-11D3-BF4B-00C04F79EFBC}") = "Assignment2_3", "Assignment2_3\Assignment2_3.csproj", "{210A8FEB-0A89-469C-8DDA-DAACF33E50F0}"
EndProject
Project("{FAE04EC0-301F-11D3-BF4B-00C04F79EFBC}") = "Assignment2_4", "Assignment2_4\Assignment2_4.csproj", "{45FA703A-70F5-47A6-B8A2-8707B481369F}"
EndProject
Project("{2150E333-8FDC-42A3-9474-1A3956D46DE8}") = "Assignment3", "Assignment3", "{59F8BF2C-0745-4D0B-A9ED-3F24C45A3D9A}"
EndProject
Project("{2150E333-8FDC-42A3-9474-1A3956D46DE8}") = "Assignment1", "Assignment1", "{88D0F436-C398-4612-B640-39776F4AD3FF}"
EndProject
Project("{2150E333-8FDC-42A3-9474-1A3956D46DE8}") = "Assignment2", "Assignment2", "{F9DB02D0-F0E6-401A-85C7-65287D19C8D7}"
EndProject
Project("{FAE04EC0-301F-11D3-BF4B-00C04F79EFBC}") = "Assignment3_1", "Assignment3_1\Assignment3_1.csproj", "{F3196723-F8BC-430B-9730-A3B04A72E32B}"
EndProject
Project("{2150E333-8FDC-42A3-9474-1A3956D46DE8}") = "Assignment4", "Assignment4", "{C56C0B96-CD45-4496-BF64-0C4F5A0BDC8B}"
EndProject
Project("{FAE04EC0-301F-11D3-BF4B-00C04F79EFBC}") = "Assignment4_1", "Assignment4_1\Assignment4_1.csproj", "{0B693715-7841-47E8-9C1C-724B8A1AEACD}"
EndProject
Project("{FAE04EC0-301F-11D3-BF4B-00C04F79EFBC}") = "Assignment4_2", "Assignment4_2\Assignment4_2.csproj", "{B0651BD2-C429-43F6-91B4-8E66D237461B}"
EndProject
Project("{2150E333-8FDC-42A3-9474-1A3956D46DE8}") = "Assignment5", "Assignment5", "{7978CB4F-1AB7-4171-97DF-A52D58DB0D49}"
EndProject
Project("{FAE04EC0-301F-11D3-BF4B-00C04F79EFBC}") = "Assignment5_1", "Assignment5_1\Assignment5_1.csproj", "{7339164D-87B8-407B-A93B-A22E4EF87812}"
EndProject
Project("{FAE04EC0-301F-11D3-BF4B-00C04F79EFBC}") = "Lecture5_1", "Lecture5_1\Lecture5_1.csproj", "{18CC25C8-6440-40C7-9C1B-9950F07A7F1F}"
EndProject
Project("{FAE04EC0-301F-11D3-BF4B-00C04F79EFBC}") = "Test_Lec5_1", "Test_Lec5_1\Test_Lec5_1.csproj", "{408FDBFA-F2EA-4A65-A662-AA4B95903B4A}"
EndProject
Project("{2150E333-8FDC-42A3-9474-1A3956D46DE8}") = "Assignment6", "Assignment6", "{77789537-1E29-4205-8909-0443CA3C86B2}"
EndProject
Project("{FAE04EC0-301F-11D3-BF4B-00C04F79EFBC}") = "Assignment6_1", "Assignment6_1\Assignment6_1.csproj", "{6997C277-9BF4-40B7-8C45-27C679405235}"
EndProject
Project("{2150E333-8FDC-42A3-9474-1A3956D46DE8}") = "Assignment8", "Assignment8", "{C9531D7A-B614-48EA-BCA6-F6CC084D4181}"
EndProject
Project("{FAE04EC0-301F-11D3-BF4B-00C04F79EFBC}") = "OrderService", "OrderService\OrderService.csproj", "{60A276A9-1E08-4941-BA07-28D9DDD0264E}"
EndProject
Project("{FAE04EC0-301F-11D3-BF4B-00C04F79EFBC}") = "OrderForm", "OrderForm\OrderForm.csproj", "{3A19E928-40C5-41C3-8094-42DF4EF1EC3A}"
EndProject
Global
	GlobalSection(SolutionConfigurationPlatforms) = preSolution
		Debug|Any CPU = Debug|Any CPU
		Release|Any CPU = Release|Any CPU
	EndGlobalSection
	GlobalSection(ProjectConfigurationPlatforms) = postSolution
		{2D50E4EB-97FD-4C8B-BD00-33CEEA0953E6}.Debug|Any CPU.ActiveCfg = Debug|Any CPU
		{2D50E4EB-97FD-4C8B-BD00-33CEEA0953E6}.Debug|Any CPU.Build.0 = Debug|Any CPU
		{2D50E4EB-97FD-4C8B-BD00-33CEEA0953E6}.Release|Any CPU.ActiveCfg = Release|Any CPU
		{2D50E4EB-97FD-4C8B-BD00-33CEEA0953E6}.Release|Any CPU.Build.0 = Release|Any CPU
		{21F8C7E0-34A0-479D-8BA5-656F83495492}.Debug|Any CPU.ActiveCfg = Debug|Any CPU
		{21F8C7E0-34A0-479D-8BA5-656F83495492}.Debug|Any CPU.Build.0 = Debug|Any CPU
		{21F8C7E0-34A0-479D-8BA5-656F83495492}.Release|Any CPU.ActiveCfg = Release|Any CPU
		{21F8C7E0-34A0-479D-8BA5-656F83495492}.Release|Any CPU.Build.0 = Release|Any CPU
		{ACF79924-E765-422B-B8D1-6534A7863FE4}.Debug|Any CPU.ActiveCfg = Debug|Any CPU
		{ACF79924-E765-422B-B8D1-6534A7863FE4}.Debug|Any CPU.Build.0 = Debug|Any CPU
		{ACF79924-E765-422B-B8D1-6534A7863FE4}.Release|Any CPU.ActiveCfg = Release|Any CPU
		{ACF79924-E765-422B-B8D1-6534A7863FE4}.Release|Any CPU.Build.0 = Release|Any CPU
		{051221A6-471A-4FAD-82C6-B5503CDD669E}.Debug|Any CPU.ActiveCfg = Debug|Any CPU
		{051221A6-471A-4FAD-82C6-B5503CDD669E}.Debug|Any CPU.Build.0 = Debug|Any CPU
		{051221A6-471A-4FAD-82C6-B5503CDD669E}.Release|Any CPU.ActiveCfg = Release|Any CPU
		{051221A6-471A-4FAD-82C6-B5503CDD669E}.Release|Any CPU.Build.0 = Release|Any CPU
		{C1DFFFE3-6377-4C30-98F2-3BDE6C31EF7B}.Debug|Any CPU.ActiveCfg = Debug|Any CPU
		{C1DFFFE3-6377-4C30-98F2-3BDE6C31EF7B}.Debug|Any CPU.Build.0 = Debug|Any CPU
		{C1DFFFE3-6377-4C30-98F2-3BDE6C31EF7B}.Release|Any CPU.ActiveCfg = Release|Any CPU
		{C1DFFFE3-6377-4C30-98F2-3BDE6C31EF7B}.Release|Any CPU.Build.0 = Release|Any CPU
		{210A8FEB-0A89-469C-8DDA-DAACF33E50F0}.Debug|Any CPU.ActiveCfg = Debug|Any CPU
		{210A8FEB-0A89-469C-8DDA-DAACF33E50F0}.Debug|Any CPU.Build.0 = Debug|Any CPU
		{210A8FEB-0A89-469C-8DDA-DAACF33E50F0}.Release|Any CPU.ActiveCfg = Release|Any CPU
		{210A8FEB-0A89-469C-8DDA-DAACF33E50F0}.Release|Any CPU.Build.0 = Release|Any CPU
		{45FA703A-70F5-47A6-B8A2-8707B481369F}.Debug|Any CPU.ActiveCfg = Debug|Any CPU
		{45FA703A-70F5-47A6-B8A2-8707B481369F}.Debug|Any CPU.Build.0 = Debug|Any CPU
		{45FA703A-70F5-47A6-B8A2-8707B481369F}.Release|Any CPU.ActiveCfg = Release|Any CPU
		{45FA703A-70F5-47A6-B8A2-8707B481369F}.Release|Any CPU.Build.0 = Release|Any CPU
		{F3196723-F8BC-430B-9730-A3B04A72E32B}.Debug|Any CPU.ActiveCfg = Debug|Any CPU
		{F3196723-F8BC-430B-9730-A3B04A72E32B}.Debug|Any CPU.Build.0 = Debug|Any CPU
		{F3196723-F8BC-430B-9730-A3B04A72E32B}.Release|Any CPU.ActiveCfg = Release|Any CPU
		{F3196723-F8BC-430B-9730-A3B04A72E32B}.Release|Any CPU.Build.0 = Release|Any CPU
		{0B693715-7841-47E8-9C1C-724B8A1AEACD}.Debug|Any CPU.ActiveCfg = Debug|Any CPU
		{0B693715-7841-47E8-9C1C-724B8A1AEACD}.Debug|Any CPU.Build.0 = Debug|Any CPU
		{0B693715-7841-47E8-9C1C-724B8A1AEACD}.Release|Any CPU.ActiveCfg = Release|Any CPU
		{0B693715-7841-47E8-9C1C-724B8A1AEACD}.Release|Any CPU.Build.0 = Release|Any CPU
		{B0651BD2-C429-43F6-91B4-8E66D237461B}.Debug|Any CPU.ActiveCfg = Debug|Any CPU
		{B0651BD2-C429-43F6-91B4-8E66D237461B}.Debug|Any CPU.Build.0 = Debug|Any CPU
		{B0651BD2-C429-43F6-91B4-8E66D237461B}.Release|Any CPU.ActiveCfg = Release|Any CPU
		{B0651BD2-C429-43F6-91B4-8E66D237461B}.Release|Any CPU.Build.0 = Release|Any CPU
		{7339164D-87B8-407B-A93B-A22E4EF87812}.Debug|Any CPU.ActiveCfg = Debug|Any CPU
		{7339164D-87B8-407B-A93B-A22E4EF87812}.Debug|Any CPU.Build.0 = Debug|Any CPU
		{7339164D-87B8-407B-A93B-A22E4EF87812}.Release|Any CPU.ActiveCfg = Release|Any CPU
		{7339164D-87B8-407B-A93B-A22E4EF87812}.Release|Any CPU.Build.0 = Release|Any CPU
		{18CC25C8-6440-40C7-9C1B-9950F07A7F1F}.Debug|Any CPU.ActiveCfg = Debug|Any CPU
		{18CC25C8-6440-40C7-9C1B-9950F07A7F1F}.Debug|Any CPU.Build.0 = Debug|Any CPU
		{18CC25C8-6440-40C7-9C1B-9950F07A7F1F}.Release|Any CPU.ActiveCfg = Release|Any CPU
		{18CC25C8-6440-40C7-9C1B-9950F07A7F1F}.Release|Any CPU.Build.0 = Release|Any CPU
		{408FDBFA-F2EA-4A65-A662-AA4B95903B4A}.Debug|Any CPU.ActiveCfg = Debug|Any CPU
		{408FDBFA-F2EA-4A65-A662-AA4B95903B4A}.Debug|Any CPU.Build.0 = Debug|Any CPU
		{408FDBFA-F2EA-4A65-A662-AA4B95903B4A}.Release|Any CPU.ActiveCfg = Release|Any CPU
		{408FDBFA-F2EA-4A65-A662-AA4B95903B4A}.Release|Any CPU.Build.0 = Release|Any CPU
		{6997C277-9BF4-40B7-8C45-27C679405235}.Debug|Any CPU.ActiveCfg = Debug|Any CPU
		{6997C277-9BF4-40B7-8C45-27C679405235}.Debug|Any CPU.Build.0 = Debug|Any CPU
		{6997C277-9BF4-40B7-8C45-27C679405235}.Release|Any CPU.ActiveCfg = Release|Any CPU
		{6997C277-9BF4-40B7-8C45-27C679405235}.Release|Any CPU.Build.0 = Release|Any CPU
		{60A276A9-1E08-4941-BA07-28D9DDD0264E}.Debug|Any CPU.ActiveCfg = Debug|Any CPU
		{60A276A9-1E08-4941-BA07-28D9DDD0264E}.Debug|Any CPU.Build.0 = Debug|Any CPU
		{60A276A9-1E08-4941-BA07-28D9DDD0264E}.Release|Any CPU.ActiveCfg = Release|Any CPU
		{60A276A9-1E08-4941-BA07-28D9DDD0264E}.Release|Any CPU.Build.0 = Release|Any CPU
		{3A19E928-40C5-41C3-8094-42DF4EF1EC3A}.Debug|Any CPU.ActiveCfg = Debug|Any CPU
		{3A19E928-40C5-41C3-8094-42DF4EF1EC3A}.Debug|Any CPU.Build.0 = Debug|Any CPU
		{3A19E928-40C5-41C3-8094-42DF4EF1EC3A}.Release|Any CPU.ActiveCfg = Release|Any CPU
		{3A19E928-40C5-41C3-8094-42DF4EF1EC3A}.Release|Any CPU.Build.0 = Release|Any CPU
	EndGlobalSection
	GlobalSection(NestedProjects) = preSolution
		{21F8C7E0-34A0-479D-8BA5-656F83495492} = {88D0F436-C398-4612-B640-39776F4AD3FF}
		{ACF79924-E765-422B-B8D1-6534A7863FE4} = {F9DB02D0-F0E6-401A-85C7-65287D19C8D7}
		{051221A6-471A-4FAD-82C6-B5503CDD669E} = {F9DB02D0-F0E6-401A-85C7-65287D19C8D7}
		{210A8FEB-0A89-469C-8DDA-DAACF33E50F0} = {F9DB02D0-F0E6-401A-85C7-65287D19C8D7}
		{45FA703A-70F5-47A6-B8A2-8707B481369F} = {F9DB02D0-F0E6-401A-85C7-65287D19C8D7}
		{C1DFFFE3-6377-4C30-98F2-3BDE6C31EF7B} = {88D0F436-C398-4612-B640-39776F4AD3FF}
		{F3196723-F8BC-430B-9730-A3B04A72E32B} = {59F8BF2C-0745-4D0B-A9ED-3F24C45A3D9A}
		{0B693715-7841-47E8-9C1C-724B8A1AEACD} = {C56C0B96-CD45-4496-BF64-0C4F5A0BDC8B}
		{B0651BD2-C429-43F6-91B4-8E66D237461B} = {C56C0B96-CD45-4496-BF64-0C4F5A0BDC8B}
		{7339164D-87B8-407B-A93B-A22E4EF87812} = {7978CB4F-1AB7-4171-97DF-A52D58DB0D49}
		{18CC25C8-6440-40C7-9C1B-9950F07A7F1F} = {7978CB4F-1AB7-4171-97DF-A52D58DB0D49}
		{408FDBFA-F2EA-4A65-A662-AA4B95903B4A} = {7978CB4F-1AB7-4171-97DF-A52D58DB0D49}
		{6997C277-9BF4-40B7-8C45-27C679405235} = {77789537-1E29-4205-8909-0443CA3C86B2}
		{60A276A9-1E08-4941-BA07-28D9DDD0264E} = {C9531D7A-B614-48EA-BCA6-F6CC084D4181}
		{3A19E928-40C5-41C3-8094-42DF4EF1EC3A} = {C9531D7A-B614-48EA-BCA6-F6CC084D4181}
	EndGlobalSection
EndGlobal
